<?xml version="1.0" encoding="utf-8"?>
<Project ToolsVersion="4.0" xmlns="http://schemas.microsoft.com/developer/msbuild/2003">
  <ItemGroup>
    <Filter Include="Input">
      <UniqueIdentifier>{51298f14-a432-4527-be34-5f44a6f0deb7}</UniqueIdentifier>
    </Filter>
    <Filter Include="Graphics">
      <UniqueIdentifier>{3f1a48cb-2918-413a-a449-804f48480b6d}</UniqueIdentifier>
    </Filter>
    <Filter Include="Headers">
      <UniqueIdentifier>{d598ad22-2b74-4cd5-a66f-50dfb3287906}</UniqueIdentifier>
    </Filter>
    <Filter Include="Source">
      <UniqueIdentifier>{399159b8-1955-4166-ab49-9e6fae1e3222}</UniqueIdentifier>
    </Filter>
    <Filter Include="Assets">
      <UniqueIdentifier>{1db9b687-8c5c-413d-8ef1-1aaecba420e9}</UniqueIdentifier>
    </Filter>
    <Filter Include="Shaders">
      <UniqueIdentifier>{eb0a7f36-6801-4164-b12d-2844cef2444c}</UniqueIdentifier>
    </Filter>
    <Filter Include="Includes">
      <UniqueIdentifier>{c4b1e4be-cbff-4f4c-818c-b397be4d3588}</UniqueIdentifier>
    </Filter>
    <Filter Include="ImGUI">
      <UniqueIdentifier>{f9290885-9140-4522-af3f-aa0bef62fcb3}</UniqueIdentifier>
    </Filter>
  </ItemGroup>
  <ItemGroup>
    <ClInclude Include="$(MSBuildThisFileDirectory)..\IInput.h">
      <Filter>Input</Filter>
    </ClInclude>
    <ClInclude Include="$(MSBuildThisFileDirectory)..\IGraphics.h">
      <Filter>Graphics</Filter>
    </ClInclude>
    <ClInclude Include="$(MSBuildThisFileDirectory)..\Game.h">
      <Filter>Headers</Filter>
    </ClInclude>
    <ClInclude Include="$(MSBuildThisFileDirectory)..\Input.h">
      <Filter>Headers</Filter>
    </ClInclude>
    <ClInclude Include="$(MSBuildThisFileDirectory)..\tiny_obj_loader.h">
      <Filter>Headers</Filter>
    </ClInclude>
    <ClInclude Include="$(MSBuildThisFileDirectory)VAO.h">
      <Filter>Headers</Filter>
    </ClInclude>
    <ClInclude Include="$(MSBuildThisFileDirectory)VBO.h">
      <Filter>Headers</Filter>
    </ClInclude>
    <ClInclude Include="$(MSBuildThisFileDirectory)EBO.h">
      <Filter>Headers</Filter>
    </ClInclude>
    <ClInclude Include="$(MSBuildThisFileDirectory)shaderClass.h">
      <Filter>Headers</Filter>
    </ClInclude>
    <ClInclude Include="$(MSBuildThisFileDirectory)texture.h">
      <Filter>Headers</Filter>
    </ClInclude>
    <ClInclude Include="$(MSBuildThisFileDirectory)player.h">
      <Filter>Headers</Filter>
    </ClInclude>
    <ClInclude Include="$(MSBuildThisFileDirectory)IncludeGraphics.h">
      <Filter>Headers</Filter>
    </ClInclude>
    <ClInclude Include="$(MSBuildThisFileDirectory)block.h">
      <Filter>Headers</Filter>
    </ClInclude>
    <ClInclude Include="$(MSBuildThisFileDirectory)..\stb\stb_image.h">
      <Filter>Headers</Filter>
    </ClInclude>
    <ClInclude Include="$(MSBuildThisFileDirectory)chunk.h">
      <Filter>Headers</Filter>
    </ClInclude>
    <ClInclude Include="$(MSBuildThisFileDirectory)world.h">
      <Filter>Headers</Filter>
    </ClInclude>
    <ClInclude Include="$(MSBuildThisFileDirectory)mesh.h">
      <Filter>Headers</Filter>
    </ClInclude>
    <ClInclude Include="$(MSBuildThisFileDirectory)Assets\Lib\FastNoiseLite.h">
      <Filter>Includes</Filter>
    </ClInclude>
    <ClInclude Include="$(MSBuildThisFileDirectory)..\ImGui-master\imconfig.h">
      <Filter>ImGUI</Filter>
    </ClInclude>
    <ClInclude Include="$(MSBuildThisFileDirectory)..\ImGui-master\imgui.h">
      <Filter>ImGUI</Filter>
    </ClInclude>
    <ClInclude Include="$(MSBuildThisFileDirectory)..\ImGui-master\imgui_internal.h">
      <Filter>ImGUI</Filter>
    </ClInclude>
    <ClInclude Include="$(MSBuildThisFileDirectory)..\ImGui-master\imstb_rectpack.h">
      <Filter>ImGUI</Filter>
    </ClInclude>
    <ClInclude Include="$(MSBuildThisFileDirectory)..\ImGui-master\imstb_textedit.h">
      <Filter>ImGUI</Filter>
    </ClInclude>
    <ClInclude Include="$(MSBuildThisFileDirectory)..\ImGui-master\imstb_truetype.h">
      <Filter>ImGUI</Filter>
    </ClInclude>
    <ClInclude Include="$(MSBuildThisFileDirectory)..\ImGui-master\backends\imgui_impl_opengl3.h">
      <Filter>ImGUI</Filter>
    </ClInclude>
    <ClInclude Include="$(MSBuildThisFileDirectory)..\ImGui-master\backends\imgui_impl_opengl3_loader.h">
      <Filter>ImGUI</Filter>
    </ClInclude>
    <ClInclude Include="$(MSBuildThisFileDirectory)ui_manager.h">
      <Filter>Headers</Filter>
    </ClInclude>
    <ClInclude Include="$(MSBuildThisFileDirectory)inventory.h">
      <Filter>Headers</Filter>
    </ClInclude>
    <ClInclude Include="$(MSBuildThisFileDirectory)sky_renderer.h">
      <Filter>Headers</Filter>
    </ClInclude>
    <ClInclude Include="$(MSBuildThisFileDirectory)audiomanager.h">
      <Filter>Headers</Filter>
    </ClInclude>
  </ItemGroup>
  <ItemGroup>
    <ClCompile Include="$(MSBuildThisFileDirectory)..\Game.cpp">
      <Filter>Source</Filter>
    </ClCompile>
    <ClCompile Include="$(MSBuildThisFileDirectory)..\Input.cpp">
      <Filter>Input</Filter>
    </ClCompile>
    <ClCompile Include="$(MSBuildThisFileDirectory)VAO.cpp">
      <Filter>Source</Filter>
    </ClCompile>
    <ClCompile Include="$(MSBuildThisFileDirectory)VBO.cpp">
      <Filter>Source</Filter>
    </ClCompile>
    <ClCompile Include="$(MSBuildThisFileDirectory)EBO.cpp">
      <Filter>Source</Filter>
    </ClCompile>
    <ClCompile Include="$(MSBuildThisFileDirectory)shaderClass.cpp">
      <Filter>Source</Filter>
    </ClCompile>
    <ClCompile Include="$(MSBuildThisFileDirectory)texture.cpp">
      <Filter>Source</Filter>
    </ClCompile>
    <ClCompile Include="$(MSBuildThisFileDirectory)player.cpp">
      <Filter>Source</Filter>
    </ClCompile>
    <ClCompile Include="$(MSBuildThisFileDirectory)block.cpp">
      <Filter>Source</Filter>
    </ClCompile>
    <ClCompile Include="$(MSBuildThisFileDirectory)..\..\PCContent\stb_image.cpp">
      <Filter>Source</Filter>
    </ClCompile>
    <ClCompile Include="$(MSBuildThisFileDirectory)chunk.cpp">
      <Filter>Source</Filter>
    </ClCompile>
    <ClCompile Include="$(MSBuildThisFileDirectory)world.cpp">
      <Filter>Source</Filter>
    </ClCompile>
    <ClCompile Include="$(MSBuildThisFileDirectory)mesh.cpp">
      <Filter>Source</Filter>
    </ClCompile>
    <ClCompile Include="$(MSBuildThisFileDirectory)..\ImGui-master\imgui.cpp">
      <Filter>ImGUI</Filter>
    </ClCompile>
    <ClCompile Include="$(MSBuildThisFileDirectory)..\ImGui-master\imgui_demo.cpp">
      <Filter>ImGUI</Filter>
    </ClCompile>
    <ClCompile Include="$(MSBuildThisFileDirectory)..\ImGui-master\imgui_draw.cpp">
      <Filter>ImGUI</Filter>
    </ClCompile>
    <ClCompile Include="$(MSBuildThisFileDirectory)..\ImGui-master\imgui_tables.cpp">
      <Filter>ImGUI</Filter>
    </ClCompile>
    <ClCompile Include="$(MSBuildThisFileDirectory)..\ImGui-master\imgui_widgets.cpp">
      <Filter>ImGUI</Filter>
    </ClCompile>
    <ClCompile Include="$(MSBuildThisFileDirectory)..\ImGui-master\backends\imgui_impl_opengl3.cpp">
      <Filter>ImGUI</Filter>
    </ClCompile>
    <ClCompile Include="$(MSBuildThisFileDirectory)ui_manager.cpp">
      <Filter>Source</Filter>
    </ClCompile>
    <ClCompile Include="$(MSBuildThisFileDirectory)inventory.cpp">
      <Filter>Source</Filter>
    </ClCompile>
    <ClCompile Include="$(MSBuildThisFileDirectory)sky_renderer.cpp">
      <Filter>Source</Filter>
    </ClCompile>
    <ClCompile Include="$(MSBuildThisFileDirectory)audiomanager.cpp">
      <Filter>Source</Filter>
    </ClCompile>
  </ItemGroup>
  <ItemGroup>
    <None Include="$(MSBuildThisFileDirectory)Assets\Shaders\default.frag">
      <Filter>Shaders</Filter>
    </None>
    <None Include="$(MSBuildThisFileDirectory)Assets\Shaders\default.vert">
      <Filter>Shaders</Filter>
    </None>
    <None Include="$(MSBuildThisFileDirectory)Assets\Shaders\outline.frag">
      <Filter>Shaders</Filter>
    </None>
    <None Include="$(MSBuildThisFileDirectory)Assets\Shaders\outline.vert">
      <Filter>Shaders</Filter>
    </None>
    <None Include="$(MSBuildThisFileDirectory)Assets\Shaders\sky_quad.frag">
      <Filter>Shaders</Filter>
    </None>
    <None Include="$(MSBuildThisFileDirectory)Assets\Shaders\sky_quad.vert">
      <Filter>Shaders</Filter>
    </None>
  </ItemGroup>
  <ItemGroup>
    <Image Include="$(MSBuildThisFileDirectory)Assets\Textures\Blocks_Atlas.png">
      <Filter>Assets</Filter>
    </Image>
    <Image Include="$(MSBuildThisFileDirectory)Assets\Textures\Hotbar.png">
      <Filter>Assets</Filter>
    </Image>
    <Image Include="$(MSBuildThisFileDirectory)Assets\Textures\Hotbar_Selection.png">
      <Filter>Assets</Filter>
    </Image>
    <Image Include="$(MSBuildThisFileDirectory)Assets\Textures\Hotbar_Selection_Left.png">
      <Filter>Assets</Filter>
    </Image>
    <Image Include="$(MSBuildThisFileDirectory)Assets\Textures\Hotbar_Selection_Right.png">
      <Filter>Assets</Filter>
    </Image>
    <Image Include="$(MSBuildThisFileDirectory)Assets\Textures\Items_Atlas.png">
      <Filter>Assets</Filter>
    </Image>
  </ItemGroup>
</Project>